
Microsoft Visual Studio Solution File, Format Version 12.00
# Visual Studio Version 16
VisualStudioVersion = 16.0.31702.278
MinimumVisualStudioVersion = 10.0.40219.1
Project("{FAE04EC0-301F-11D3-BF4B-00C04F79EFBC}") = "API", "API\API.csproj", "{6A4DF56C-1384-463D-8440-9433E716F9B0}"
EndProject
Project("{FAE04EC0-301F-11D3-BF4B-00C04F79EFBC}") = "Business", "Business\Business.csproj", "{FE8A2021-77CB-4EF2-A2E9-0099CDEDB6F9}"
EndProject
Project("{FAE04EC0-301F-11D3-BF4B-00C04F79EFBC}") = "DataAccess", "DataAccess\DataAccess.csproj", "{AF89D673-41A4-44DA-8B63-DCBA6A7BB848}"
EndProject
Project("{FAE04EC0-301F-11D3-BF4B-00C04F79EFBC}") = "Core", "Core\Core.csproj", "{18832585-AE8F-4604-A412-11E84C714CD7}"
EndProject
Global
	GlobalSection(SolutionConfigurationPlatforms) = preSolution
		Debug|Any CPU = Debug|Any CPU
		Release|Any CPU = Release|Any CPU
	EndGlobalSection
	GlobalSection(ProjectConfigurationPlatforms) = postSolution
		{6A4DF56C-1384-463D-8440-9433E716F9B0}.Debug|Any CPU.ActiveCfg = Debug|Any CPU
		{6A4DF56C-1384-463D-8440-9433E716F9B0}.Debug|Any CPU.Build.0 = Debug|Any CPU
		{6A4DF56C-1384-463D-8440-9433E716F9B0}.Release|Any CPU.ActiveCfg = Release|Any CPU
		{6A4DF56C-1384-463D-8440-9433E716F9B0}.Release|Any CPU.Build.0 = Release|Any CPU
		{FE8A2021-77CB-4EF2-A2E9-0099CDEDB6F9}.Debug|Any CPU.ActiveCfg = Debug|Any CPU
		{FE8A2021-77CB-4EF2-A2E9-0099CDEDB6F9}.Debug|Any CPU.Build.0 = Debug|Any CPU
		{FE8A2021-77CB-4EF2-A2E9-0099CDEDB6F9}.Release|Any CPU.ActiveCfg = Release|Any CPU
		{FE8A2021-77CB-4EF2-A2E9-0099CDEDB6F9}.Release|Any CPU.Build.0 = Release|Any CPU
		{AF89D673-41A4-44DA-8B63-DCBA6A7BB848}.Debug|Any CPU.ActiveCfg = Debug|Any CPU
		{AF89D673-41A4-44DA-8B63-DCBA6A7BB848}.Debug|Any CPU.Build.0 = Debug|Any CPU
		{AF89D673-41A4-44DA-8B63-DCBA6A7BB848}.Release|Any CPU.ActiveCfg = Release|Any CPU
		{AF89D673-41A4-44DA-8B63-DCBA6A7BB848}.Release|Any CPU.Build.0 = Release|Any CPU
		{18832585-AE8F-4604-A412-11E84C714CD7}.Debug|Any CPU.ActiveCfg = Debug|Any CPU
		{18832585-AE8F-4604-A412-11E84C714CD7}.Debug|Any CPU.Build.0 = Debug|Any CPU
		{18832585-AE8F-4604-A412-11E84C714CD7}.Release|Any CPU.ActiveCfg = Release|Any CPU
		{18832585-AE8F-4604-A412-11E84C714CD7}.Release|Any CPU.Build.0 = Release|Any CPU
	EndGlobalSection
	GlobalSection(SolutionProperties) = preSolution
		HideSolutionNode = FALSE
	EndGlobalSection
	GlobalSection(ExtensibilityGlobals) = postSolution
		SolutionGuid = {1477A0FF-FF22-4D74-A184-417945F5E981}
	EndGlobalSection
EndGlobal
